{
  "name": "demo",
  "version": "1.0.0",
  "lockfileVersion": 2,
  "requires": true,
  "packages": {
    "": {
      "name": "demo",
      "version": "1.0.0",
      "license": "MIT",
      "dependencies": {
        "@microsoft/edge-devtools-crash-analyzer-support": "file:../.."
      }
    },
    "..": {
      "version": "1.0.0",
      "extraneous": true,
      "license": "MIT",
      "devDependencies": {
        "ts-loader": "^9.4.2",
        "typescript": "^5.0.4",
        "webpack": "^5.83.1",
        "webpack-cli": "^5.1.1"
      }
    },
    "../..": {
      "name": "@microsoft/edge-devtools-crash-analyzer-support",
      "version": "1.0.0",
      "license": "MIT",
      "devDependencies": {
        "ts-loader": "^9.4.2",
        "typescript": "^5.0.4",
        "webpack": "^5.83.1",
        "webpack-cli": "^5.1.1"
      }
    },
    "node_modules/@microsoft/edge-devtools-crash-analyzer-support": {
      "resolved": "../..",
      "link": true
    }
  },
  "dependencies": {
    "@microsoft/edge-devtools-crash-analyzer-support": {
      "version": "file:../..",
      "requires": {
        "ts-loader": "^9.4.2",
        "typescript": "^5.0.4",
        "webpack": "^5.83.1",
        "webpack-cli": "^5.1.1"
      }
    }
  }
}
